// !$*UTF8*$!
{
	archiveVersion = 1;
	classes = {
	};
	objectVersion = 46;
	objects = {
/* Begin PBXBuildFile section */
		0207DA581B56EA530066E2B4 /* Images.xcassets in Resources */ = {isa = PBXBuildFile; fileRef = 0207DA571B56EA530066E2B4 /* Images.xcassets */; };
		1D3623260D0F684500981E51 /* AppDelegate.m in Sources */ = {isa = PBXBuildFile; fileRef = 1D3623250D0F684500981E51 /* AppDelegate.m */; };
		1D60589B0D05DD56006BFB54 /* main.m in Sources */ = {isa = PBXBuildFile; fileRef = 29B97316FDCFA39411CA2CEA /* main.m */; };
		301BF552109A68D80062928A /* libCordova.a in Frameworks */ = {isa = PBXBuildFile; fileRef = 301BF535109A57CC0062928A /* libCordova.a */; };
		302D95F114D2391D003F00A1 /* MainViewController.m in Sources */ = {isa = PBXBuildFile; fileRef = 302D95EF14D2391D003F00A1 /* MainViewController.m */; };
		302D95F214D2391D003F00A1 /* MainViewController.xib in Resources */ = {isa = PBXBuildFile; fileRef = 302D95F014D2391D003F00A1 /* MainViewController.xib */; };
		3047A5121AB8059700498E2A /* build-debug.xcconfig in Resources */ = {isa = PBXBuildFile; fileRef = 3047A50F1AB8059700498E2A /* build-debug.xcconfig */; };
		3047A5131AB8059700498E2A /* build-release.xcconfig in Resources */ = {isa = PBXBuildFile; fileRef = 3047A5101AB8059700498E2A /* build-release.xcconfig */; };
		3047A5141AB8059700498E2A /* build.xcconfig in Resources */ = {isa = PBXBuildFile; fileRef = 3047A5111AB8059700498E2A /* build.xcconfig */; };
		6AFF5BF91D6E424B00AB3073 /* CDVLaunchScreen.storyboard in Resources */ = {isa = PBXBuildFile; fileRef = 6AFF5BF81D6E424B00AB3073 /* CDVLaunchScreen.storyboard */; };
		E7C01E92B8624C1993A8E135 /* CDVBattery.m in Sources */ = {isa = PBXBuildFile; fileRef = 339F6D89705744C8BD23C7E1 /* CDVBattery.m */; };
		B1A21EE039E045648D4F16E6 /* UIImage+CropScaleOrientation.m in Sources */ = {isa = PBXBuildFile; fileRef = C8899AAD5FCE46E68AF46B50 /* UIImage+CropScaleOrientation.m */; };
		15990B08E6C04C75BF64C6C3 /* CDVCamera.m in Sources */ = {isa = PBXBuildFile; fileRef = 51C596B5B4364230A5AF8E9E /* CDVCamera.m */; };
		1823CF1B4C7D46C8872981E1 /* CDVJpegHeaderWriter.m in Sources */ = {isa = PBXBuildFile; fileRef = 54F1FF7A7CC4499EB846EC6F /* CDVJpegHeaderWriter.m */; };
		51914A0EA29E4C97B137F03E /* ImageIO.framework in Frameworks */ = {isa = PBXBuildFile; fileRef = 72DC3A1DCACB4D2DB90B1F8F /* ImageIO.framework */; settings = {ATTRIBUTES = (Weak, ); }; };
		36F79F558328433C85B5946D /* CoreLocation.framework in Frameworks */ = {isa = PBXBuildFile; fileRef = 8211413110AF44EBBFF60632 /* CoreLocation.framework */; };
		6E2F576638224BAA80E82574 /* AVFoundation.framework in Frameworks */ = {isa = PBXBuildFile; fileRef = 97D76BBCD7B44777A7269C26 /* AVFoundation.framework */; };
		AB0CEB66A60E46129D452BA4 /* CDVFile.m in Sources */ = {isa = PBXBuildFile; fileRef = B89548B34309484E9B5D3D03 /* CDVFile.m */; };
		661143A6B75B41AC86C979AE /* CDVLocalFilesystem.m in Sources */ = {isa = PBXBuildFile; fileRef = 986DFC5C8A7D4916811EBF60 /* CDVLocalFilesystem.m */; };
		DDCFA23494E944C9B3F3C311 /* CDVAssetLibraryFilesystem.m in Sources */ = {isa = PBXBuildFile; fileRef = 3CDE1928B0A14594AE7348A9 /* CDVAssetLibraryFilesystem.m */; };
		3565FE179BA14ECC80AF50E1 /* CDVCapture.m in Sources */ = {isa = PBXBuildFile; fileRef = 3A80A5D86E6047F4A292537A /* CDVCapture.m */; };
		AC4EFDB037FB4F05B4D35633 /* CDVCapture.bundle in Resources */ = {isa = PBXBuildFile; fileRef = C4D779AAFE194643A99EAFD7 /* CDVCapture.bundle */; };
		FAC2601448A849928C10A2FE /* CDVLogger.m in Sources */ = {isa = PBXBuildFile; fileRef = BFAD4CD58CC5407484FA95B4 /* CDVLogger.m */; };
		EB2ABC23814B482D82ACA083 /* CDVContacts.m in Sources */ = {isa = PBXBuildFile; fileRef = 5C5951576F0849A4B0B372F6 /* CDVContacts.m */; };
		8B492BCE948C458A8689F110 /* CDVContact.m in Sources */ = {isa = PBXBuildFile; fileRef = F4BDA9848D194BEEB3A0B01A /* CDVContact.m */; };
		4F8DFAC21C534E8695B7900E /* AddressBook.framework in Frameworks */ = {isa = PBXBuildFile; fileRef = 0FEA1AF79CBF46C49ABF226C /* AddressBook.framework */; settings = {ATTRIBUTES = (Weak, ); }; };
		9AA8006FA9F84013BD4979BC /* AddressBookUI.framework in Frameworks */ = {isa = PBXBuildFile; fileRef = BC070CBC3C274B4085B389E4 /* AddressBookUI.framework */; settings = {ATTRIBUTES = (Weak, ); }; };
		A2C0816717F64626BA2D5545 /* CDVDevice.m in Sources */ = {isa = PBXBuildFile; fileRef = 66BEDD3467EB487982EFE8C6 /* CDVDevice.m */; };
		9DF82F18AA6040008BDFAFEB /* libz.tbd in Frameworks */ = {isa = PBXBuildFile; fileRef = 390914358E3C46809BC96BD8 /* libz.tbd */; };
		8BA35B1E8D93459C9EB6BE44 /* CDVAccelerometer.m in Sources */ = {isa = PBXBuildFile; fileRef = 430152C59D49472DA32C4AFD /* CDVAccelerometer.m */; };
		3DB7F9644C0949948C684122 /* CoreMotion.framework in Frameworks */ = {isa = PBXBuildFile; fileRef = F047213CBAB944EC90FCFB6D /* CoreMotion.framework */; };
		7A0C7AA563A34E83B545811F /* CDVCompass.m in Sources */ = {isa = PBXBuildFile; fileRef = ACCC629A18B34E29A0D66953 /* CDVCompass.m */; };
		9FDE28764F014A45BE1801F7 /* CDVNotification.m in Sources */ = {isa = PBXBuildFile; fileRef = 3648C0828B5A41D288EE4224 /* CDVNotification.m */; };
		66A0E80A8DE74B8287578665 /* CDVNotification.bundle in Resources */ = {isa = PBXBuildFile; fileRef = B62B33315029454F82D83872 /* CDVNotification.bundle */; };
		3122ACADA66042A495B4EA6C /* AudioToolbox.framework in Frameworks */ = {isa = PBXBuildFile; fileRef = 2E6A74CACBCC4BA29034F318 /* AudioToolbox.framework */; settings = {ATTRIBUTES = (Weak, ); }; };
		E587E0D20B2040B69D1719B4 /* CDVFileTransfer.m in Sources */ = {isa = PBXBuildFile; fileRef = 01565C87E0CF470EABD6527A /* CDVFileTransfer.m */; };
		4D54FC25593F458FB6CF7EF1 /* CDVLocation.m in Sources */ = {isa = PBXBuildFile; fileRef = 6EC00E1E6B524CB6B09D31C3 /* CDVLocation.m */; };
		8EA407CAB16E45BBAA86AECD /* CDVGlobalization.m in Sources */ = {isa = PBXBuildFile; fileRef = 1AF48E05D1A64294AAF730EA /* CDVGlobalization.m */; };
		F71FA8E0EC044A32B6F334F5 /* CDVInAppBrowser.m in Sources */ = {isa = PBXBuildFile; fileRef = 2004ECCF7C0E434C8A58916F /* CDVInAppBrowser.m */; };
		4C40922016684CEB92EAED30 /* CDVSound.m in Sources */ = {isa = PBXBuildFile; fileRef = E0616CD8CE454B7DB78F0073 /* CDVSound.m */; };
		54779CCDB8B74E25BED4E487 /* CDVConnection.m in Sources */ = {isa = PBXBuildFile; fileRef = C2405AECEEAA4183BA018232 /* CDVConnection.m */; };
		EB2886A5A5624220AB62F21B /* CDVReachability.m in Sources */ = {isa = PBXBuildFile; fileRef = 9FF18083E12E4A0D85422630 /* CDVReachability.m */; };
		7FD71F0E7FE1422AA1CE3023 /* SystemConfiguration.framework in Frameworks */ = {isa = PBXBuildFile; fileRef = 36A43954701848C9BD3201AD /* SystemConfiguration.framework */; settings = {ATTRIBUTES = (Weak, ); }; };
		5456885F434941C7ABDC28A4 /* CoreTelephony.framework in Frameworks */ = {isa = PBXBuildFile; fileRef = C774C9BFFE4142FA9CE6A1C8 /* CoreTelephony.framework */; };
		A5B8C6815239496196C21520 /* CDVSplashScreen.m in Sources */ = {isa = PBXBuildFile; fileRef = F842184746B148228EF2F4F7 /* CDVSplashScreen.m */; };
		A462DF6E615E4AE48DADFE89 /* CDVViewController+SplashScreen.m in Sources */ = {isa = PBXBuildFile; fileRef = BF5C0BF6979243CF929106D4 /* CDVViewController+SplashScreen.m */; };
		47226ADFE4D74D0590FFBF47 /* CDVStatusBar.m in Sources */ = {isa = PBXBuildFile; fileRef = 3568DD439AA642A892587415 /* CDVStatusBar.m */; };
		2173F1B0797043E78238FA6D /* CDVVibration.m in Sources */ = {isa = PBXBuildFile; fileRef = 15F5A8BB44554EA9A99D460C /* CDVVibration.m */; };
/* End PBXBuildFile section */

/* Begin PBXContainerItemProxy section */
		301BF534109A57CC0062928A /* PBXContainerItemProxy */ = {
			isa = PBXContainerItemProxy;
			containerPortal = 301BF52D109A57CC0062928A /* CordovaLib.xcodeproj */;
			proxyType = 2;
			remoteGlobalIDString = D2AAC07E0554694100DB518D;
			remoteInfo = CordovaLib;
		};
		301BF550109A68C00062928A /* PBXContainerItemProxy */ = {
			isa = PBXContainerItemProxy;
			containerPortal = 301BF52D109A57CC0062928A /* CordovaLib.xcodeproj */;
			proxyType = 1;
			remoteGlobalIDString = D2AAC07D0554694100DB518D;
			remoteInfo = CordovaLib;
		};
/* End PBXContainerItemProxy section */

/* Begin PBXFileReference section */
		0207DA571B56EA530066E2B4 /* Images.xcassets */ = {isa = PBXFileReference; lastKnownFileType = folder.assetcatalog; name = Images.xcassets; path = "helloworld/Images.xcassets"; sourceTree = SOURCE_ROOT; };
		1D3623240D0F684500981E51 /* AppDelegate.h */ = {isa = PBXFileReference; fileEncoding = 4; lastKnownFileType = sourcecode.c.h; path = AppDelegate.h; sourceTree = "<group>"; };
		1D3623250D0F684500981E51 /* AppDelegate.m */ = {isa = PBXFileReference; fileEncoding = 4; lastKnownFileType = sourcecode.c.objc; path = AppDelegate.m; sourceTree = "<group>"; };
		1D6058910D05DD3D006BFB54 /* helloworld.app */ = {isa = PBXFileReference; explicitFileType = wrapper.application; includeInIndex = 0; path = "helloworld.app"; sourceTree = BUILT_PRODUCTS_DIR; };
		29B97316FDCFA39411CA2CEA /* main.m */ = {isa = PBXFileReference; fileEncoding = 4; lastKnownFileType = sourcecode.c.objc; path = main.m; sourceTree = "<group>"; };
		301BF52D109A57CC0062928A /* CordovaLib.xcodeproj */ = {isa = PBXFileReference; lastKnownFileType = "wrapper.pb-project"; name = CordovaLib.xcodeproj; path = CordovaLib/CordovaLib.xcodeproj; sourceTree = "<group>"; };
		301BF56E109A69640062928A /* www */ = {isa = PBXFileReference; lastKnownFileType = folder; path = www; sourceTree = SOURCE_ROOT; };
		302D95EE14D2391D003F00A1 /* MainViewController.h */ = {isa = PBXFileReference; fileEncoding = 4; lastKnownFileType = sourcecode.c.h; path = MainViewController.h; sourceTree = "<group>"; };
		302D95EF14D2391D003F00A1 /* MainViewController.m */ = {isa = PBXFileReference; fileEncoding = 4; lastKnownFileType = sourcecode.c.objc; path = MainViewController.m; sourceTree = "<group>"; };
		302D95F014D2391D003F00A1 /* MainViewController.xib */ = {isa = PBXFileReference; fileEncoding = 4; lastKnownFileType = file.xib; path = MainViewController.xib; sourceTree = "<group>"; };
		3047A50F1AB8059700498E2A /* build-debug.xcconfig */ = {isa = PBXFileReference; fileEncoding = 4; lastKnownFileType = text.xcconfig; name = "build-debug.xcconfig"; path = cordova/build-debug.xcconfig; sourceTree = SOURCE_ROOT; };
		3047A5101AB8059700498E2A /* build-release.xcconfig */ = {isa = PBXFileReference; fileEncoding = 4; lastKnownFileType = text.xcconfig; name = "build-release.xcconfig"; path = cordova/build-release.xcconfig; sourceTree = SOURCE_ROOT; };
		3047A5111AB8059700498E2A /* build.xcconfig */ = {isa = PBXFileReference; fileEncoding = 4; lastKnownFileType = text.xcconfig; name = build.xcconfig; path = cordova/build.xcconfig; sourceTree = SOURCE_ROOT; };
		32CA4F630368D1EE00C91783 /* helloworld-Prefix.pch */ = {isa = PBXFileReference; fileEncoding = 4; lastKnownFileType = sourcecode.c.h; path = "helloworld-Prefix.pch"; sourceTree = "<group>"; };
		6AFF5BF81D6E424B00AB3073 /* CDVLaunchScreen.storyboard */ = {isa = PBXFileReference; fileEncoding = 4; lastKnownFileType = file.storyboard; name = CDVLaunchScreen.storyboard; path = "helloworld/CDVLaunchScreen.storyboard"; sourceTree = SOURCE_ROOT; };
		8D1107310486CEB800E47090 /* helloworld-Info.plist */ = {isa = PBXFileReference; fileEncoding = 4; lastKnownFileType = text.plist.xml; name = "helloworld-Info.plist"; path = "helloworld/helloworld-Info.plist"; plistStructureDefinitionIdentifier = "com.apple.xcode.plist.structure-definition.iphone.info-plist"; sourceTree = SOURCE_ROOT; };
		EB87FDF31871DA8E0020F90C /* www */ = {isa = PBXFileReference; lastKnownFileType = folder; name = www; path = ../../www; sourceTree = "<group>"; };
		EB87FDF41871DAF40020F90C /* config.xml */ = {isa = PBXFileReference; lastKnownFileType = text.xml; name = config.xml; path = ../../config.xml; sourceTree = "<group>"; };
		F840E1F0165FE0F500CFE078 /* config.xml */ = {isa = PBXFileReference; lastKnownFileType = text.xml; name = config.xml; path = "helloworld/config.xml"; sourceTree = "<group>"; };
		ED33DF2A687741AEAF9F8254 /* Bridging-Header.h */ = {isa = PBXFileReference; fileEncoding = 4; lastKnownFileType = sourcecode.c.h; name = "Bridging-Header.h"; path = "Bridging-Header.h"; sourceTree = "<group>"; };
		339F6D89705744C8BD23C7E1 /* CDVBattery.m */ = {isa = PBXFileReference; name = "CDVBattery.m"; path = "cordova-plugin-battery-status/CDVBattery.m"; sourceTree = "<group>"; fileEncoding = 4; lastKnownFileType = sourcecode.c.objc; explicitFileType = undefined; includeInIndex = 0; };
		7A67D2A2F3D64859A69B2D9A /* CDVBattery.h */ = {isa = PBXFileReference; name = "CDVBattery.h"; path = "cordova-plugin-battery-status/CDVBattery.h"; sourceTree = "<group>"; fileEncoding = 4; lastKnownFileType = sourcecode.c.h; explicitFileType = undefined; includeInIndex = 0; };
		C8899AAD5FCE46E68AF46B50 /* UIImage+CropScaleOrientation.m */ = {isa = PBXFileReference; name = "UIImage+CropScaleOrientation.m"; path = "cordova-plugin-camera/UIImage+CropScaleOrientation.m"; sourceTree = "<group>"; fileEncoding = 4; lastKnownFileType = sourcecode.c.objc; explicitFileType = undefined; includeInIndex = 0; };
		51C596B5B4364230A5AF8E9E /* CDVCamera.m */ = {isa = PBXFileReference; name = "CDVCamera.m"; path = "cordova-plugin-camera/CDVCamera.m"; sourceTree = "<group>"; fileEncoding = 4; lastKnownFileType = sourcecode.c.objc; explicitFileType = undefined; includeInIndex = 0; };
		54F1FF7A7CC4499EB846EC6F /* CDVJpegHeaderWriter.m */ = {isa = PBXFileReference; name = "CDVJpegHeaderWriter.m"; path = "cordova-plugin-camera/CDVJpegHeaderWriter.m"; sourceTree = "<group>"; fileEncoding = 4; lastKnownFileType = sourcecode.c.objc; explicitFileType = undefined; includeInIndex = 0; };
		438F9789040F4DBFBC83D4DC /* UIImage+CropScaleOrientation.h */ = {isa = PBXFileReference; name = "UIImage+CropScaleOrientation.h"; path = "cordova-plugin-camera/UIImage+CropScaleOrientation.h"; sourceTree = "<group>"; fileEncoding = 4; lastKnownFileType = sourcecode.c.h; explicitFileType = undefined; includeInIndex = 0; };
		B447055D9FE64E3B855C11CC /* CDVCamera.h */ = {isa = PBXFileReference; name = "CDVCamera.h"; path = "cordova-plugin-camera/CDVCamera.h"; sourceTree = "<group>"; fileEncoding = 4; lastKnownFileType = sourcecode.c.h; explicitFileType = undefined; includeInIndex = 0; };
		8D5D43A8DF744BA69EF3DFBA /* CDVJpegHeaderWriter.h */ = {isa = PBXFileReference; name = "CDVJpegHeaderWriter.h"; path = "cordova-plugin-camera/CDVJpegHeaderWriter.h"; sourceTree = "<group>"; fileEncoding = 4; lastKnownFileType = sourcecode.c.h; explicitFileType = undefined; includeInIndex = 0; };
		F3ECB71AECEF4601B9A165BE /* CDVExif.h */ = {isa = PBXFileReference; name = "CDVExif.h"; path = "cordova-plugin-camera/CDVExif.h"; sourceTree = "<group>"; fileEncoding = 4; lastKnownFileType = sourcecode.c.h; explicitFileType = undefined; includeInIndex = 0; };
		72DC3A1DCACB4D2DB90B1F8F /* ImageIO.framework */ = {isa = PBXFileReference; name = "ImageIO.framework"; path = "System/Library/Frameworks/ImageIO.framework"; sourceTree = SDKROOT; fileEncoding = undefined; lastKnownFileType = wrapper.framework; explicitFileType = undefined; includeInIndex = 0; };
		8211413110AF44EBBFF60632 /* CoreLocation.framework */ = {isa = PBXFileReference; name = "CoreLocation.framework"; path = "System/Library/Frameworks/CoreLocation.framework"; sourceTree = SDKROOT; fileEncoding = undefined; lastKnownFileType = wrapper.framework; explicitFileType = undefined; includeInIndex = 0; };
		97D76BBCD7B44777A7269C26 /* AVFoundation.framework */ = {isa = PBXFileReference; name = "AVFoundation.framework"; path = "System/Library/Frameworks/AVFoundation.framework"; sourceTree = SDKROOT; fileEncoding = undefined; lastKnownFileType = wrapper.framework; explicitFileType = undefined; includeInIndex = 0; };
		B89548B34309484E9B5D3D03 /* CDVFile.m */ = {isa = PBXFileReference; name = "CDVFile.m"; path = "cordova-plugin-file/CDVFile.m"; sourceTree = "<group>"; fileEncoding = 4; lastKnownFileType = sourcecode.c.objc; explicitFileType = undefined; includeInIndex = 0; };
		986DFC5C8A7D4916811EBF60 /* CDVLocalFilesystem.m */ = {isa = PBXFileReference; name = "CDVLocalFilesystem.m"; path = "cordova-plugin-file/CDVLocalFilesystem.m"; sourceTree = "<group>"; fileEncoding = 4; lastKnownFileType = sourcecode.c.objc; explicitFileType = undefined; includeInIndex = 0; };
		3CDE1928B0A14594AE7348A9 /* CDVAssetLibraryFilesystem.m */ = {isa = PBXFileReference; name = "CDVAssetLibraryFilesystem.m"; path = "cordova-plugin-file/CDVAssetLibraryFilesystem.m"; sourceTree = "<group>"; fileEncoding = 4; lastKnownFileType = sourcecode.c.objc; explicitFileType = undefined; includeInIndex = 0; };
		B0A0BCB5DE064678B23C5C02 /* CDVFile.h */ = {isa = PBXFileReference; name = "CDVFile.h"; path = "cordova-plugin-file/CDVFile.h"; sourceTree = "<group>"; fileEncoding = 4; lastKnownFileType = sourcecode.c.h; explicitFileType = undefined; includeInIndex = 0; };
		73AE5827D12E48B2A52D4F17 /* CDVLocalFilesystem.h */ = {isa = PBXFileReference; name = "CDVLocalFilesystem.h"; path = "cordova-plugin-file/CDVLocalFilesystem.h"; sourceTree = "<group>"; fileEncoding = 4; lastKnownFileType = sourcecode.c.h; explicitFileType = undefined; includeInIndex = 0; };
		56F89D8ED76246118B9BCE47 /* CDVAssetLibraryFilesystem.h */ = {isa = PBXFileReference; name = "CDVAssetLibraryFilesystem.h"; path = "cordova-plugin-file/CDVAssetLibraryFilesystem.h"; sourceTree = "<group>"; fileEncoding = 4; lastKnownFileType = sourcecode.c.h; explicitFileType = undefined; includeInIndex = 0; };
		3A80A5D86E6047F4A292537A /* CDVCapture.m */ = {isa = PBXFileReference; name = "CDVCapture.m"; path = "cordova-plugin-media-capture/CDVCapture.m"; sourceTree = "<group>"; fileEncoding = 4; lastKnownFileType = sourcecode.c.objc; explicitFileType = undefined; includeInIndex = 0; };
		86E371855A0D4E81830126CE /* CDVCapture.h */ = {isa = PBXFileReference; name = "CDVCapture.h"; path = "cordova-plugin-media-capture/CDVCapture.h"; sourceTree = "<group>"; fileEncoding = 4; lastKnownFileType = sourcecode.c.h; explicitFileType = undefined; includeInIndex = 0; };
		C4D779AAFE194643A99EAFD7 /* CDVCapture.bundle */ = {isa = PBXFileReference; name = "CDVCapture.bundle"; path = "CDVCapture.bundle"; sourceTree = "<group>"; fileEncoding = undefined; lastKnownFileType = wrapper.plug-in; explicitFileType = undefined; includeInIndex = 0; };
		BFAD4CD58CC5407484FA95B4 /* CDVLogger.m */ = {isa = PBXFileReference; name = "CDVLogger.m"; path = "cordova-plugin-console/CDVLogger.m"; sourceTree = "<group>"; fileEncoding = 4; lastKnownFileType = sourcecode.c.objc; explicitFileType = undefined; includeInIndex = 0; };
		A705C40B8ECA4A97881D0644 /* CDVLogger.h */ = {isa = PBXFileReference; name = "CDVLogger.h"; path = "cordova-plugin-console/CDVLogger.h"; sourceTree = "<group>"; fileEncoding = 4; lastKnownFileType = sourcecode.c.h; explicitFileType = undefined; includeInIndex = 0; };
		5C5951576F0849A4B0B372F6 /* CDVContacts.m */ = {isa = PBXFileReference; name = "CDVContacts.m"; path = "cordova-plugin-contacts/CDVContacts.m"; sourceTree = "<group>"; fileEncoding = 4; lastKnownFileType = sourcecode.c.objc; explicitFileType = undefined; includeInIndex = 0; };
		F4BDA9848D194BEEB3A0B01A /* CDVContact.m */ = {isa = PBXFileReference; name = "CDVContact.m"; path = "cordova-plugin-contacts/CDVContact.m"; sourceTree = "<group>"; fileEncoding = 4; lastKnownFileType = sourcecode.c.objc; explicitFileType = undefined; includeInIndex = 0; };
		E099BC9B66D445AFA9AFDABC /* CDVContacts.h */ = {isa = PBXFileReference; name = "CDVContacts.h"; path = "cordova-plugin-contacts/CDVContacts.h"; sourceTree = "<group>"; fileEncoding = 4; lastKnownFileType = sourcecode.c.h; explicitFileType = undefined; includeInIndex = 0; };
		2259BA0958A74F78A80B6272 /* CDVContact.h */ = {isa = PBXFileReference; name = "CDVContact.h"; path = "cordova-plugin-contacts/CDVContact.h"; sourceTree = "<group>"; fileEncoding = 4; lastKnownFileType = sourcecode.c.h; explicitFileType = undefined; includeInIndex = 0; };
		0FEA1AF79CBF46C49ABF226C /* AddressBook.framework */ = {isa = PBXFileReference; name = "AddressBook.framework"; path = "System/Library/Frameworks/AddressBook.framework"; sourceTree = SDKROOT; fileEncoding = undefined; lastKnownFileType = wrapper.framework; explicitFileType = undefined; includeInIndex = 0; };
		BC070CBC3C274B4085B389E4 /* AddressBookUI.framework */ = {isa = PBXFileReference; name = "AddressBookUI.framework"; path = "System/Library/Frameworks/AddressBookUI.framework"; sourceTree = SDKROOT; fileEncoding = undefined; lastKnownFileType = wrapper.framework; explicitFileType = undefined; includeInIndex = 0; };
		66BEDD3467EB487982EFE8C6 /* CDVDevice.m */ = {isa = PBXFileReference; name = "CDVDevice.m"; path = "cordova-plugin-device/CDVDevice.m"; sourceTree = "<group>"; fileEncoding = 4; lastKnownFileType = sourcecode.c.objc; explicitFileType = undefined; includeInIndex = 0; };
		277D1439F5DF48D6BF857A43 /* CDVDevice.h */ = {isa = PBXFileReference; name = "CDVDevice.h"; path = "cordova-plugin-device/CDVDevice.h"; sourceTree = "<group>"; fileEncoding = 4; lastKnownFileType = sourcecode.c.h; explicitFileType = undefined; includeInIndex = 0; };
		390914358E3C46809BC96BD8 /* libz.tbd */ = {isa = PBXFileReference; name = "libz.tbd"; path = "usr/lib/libz.tbd"; sourceTree = SDKROOT; fileEncoding = undefined; lastKnownFileType = sourcecode.text-based-dylib-definition; explicitFileType = undefined; includeInIndex = 0; };
		430152C59D49472DA32C4AFD /* CDVAccelerometer.m */ = {isa = PBXFileReference; name = "CDVAccelerometer.m"; path = "cordova-plugin-device-motion/CDVAccelerometer.m"; sourceTree = "<group>"; fileEncoding = 4; lastKnownFileType = sourcecode.c.objc; explicitFileType = undefined; includeInIndex = 0; };
		8FFEE90C11E24135A45AD047 /* CDVAccelerometer.h */ = {isa = PBXFileReference; name = "CDVAccelerometer.h"; path = "cordova-plugin-device-motion/CDVAccelerometer.h"; sourceTree = "<group>"; fileEncoding = 4; lastKnownFileType = sourcecode.c.h; explicitFileType = undefined; includeInIndex = 0; };
		F047213CBAB944EC90FCFB6D /* CoreMotion.framework */ = {isa = PBXFileReference; name = "CoreMotion.framework"; path = "System/Library/Frameworks/CoreMotion.framework"; sourceTree = SDKROOT; fileEncoding = undefined; lastKnownFileType = wrapper.framework; explicitFileType = undefined; includeInIndex = 0; };
		ACCC629A18B34E29A0D66953 /* CDVCompass.m */ = {isa = PBXFileReference; name = "CDVCompass.m"; path = "cordova-plugin-device-orientation/CDVCompass.m"; sourceTree = "<group>"; fileEncoding = 4; lastKnownFileType = sourcecode.c.objc; explicitFileType = undefined; includeInIndex = 0; };
		48EC323F15C64A1781C44679 /* CDVCompass.h */ = {isa = PBXFileReference; name = "CDVCompass.h"; path = "cordova-plugin-device-orientation/CDVCompass.h"; sourceTree = "<group>"; fileEncoding = 4; lastKnownFileType = sourcecode.c.h; explicitFileType = undefined; includeInIndex = 0; };
		3648C0828B5A41D288EE4224 /* CDVNotification.m */ = {isa = PBXFileReference; name = "CDVNotification.m"; path = "cordova-plugin-dialogs/CDVNotification.m"; sourceTree = "<group>"; fileEncoding = 4; lastKnownFileType = sourcecode.c.objc; explicitFileType = undefined; includeInIndex = 0; };
		31A9C409A3194D38B7232BF8 /* CDVNotification.h */ = {isa = PBXFileReference; name = "CDVNotification.h"; path = "cordova-plugin-dialogs/CDVNotification.h"; sourceTree = "<group>"; fileEncoding = 4; lastKnownFileType = sourcecode.c.h; explicitFileType = undefined; includeInIndex = 0; };
		B62B33315029454F82D83872 /* CDVNotification.bundle */ = {isa = PBXFileReference; name = "CDVNotification.bundle"; path = "CDVNotification.bundle"; sourceTree = "<group>"; fileEncoding = undefined; lastKnownFileType = wrapper.plug-in; explicitFileType = undefined; includeInIndex = 0; };
		2E6A74CACBCC4BA29034F318 /* AudioToolbox.framework */ = {isa = PBXFileReference; name = "AudioToolbox.framework"; path = "System/Library/Frameworks/AudioToolbox.framework"; sourceTree = SDKROOT; fileEncoding = undefined; lastKnownFileType = wrapper.framework; explicitFileType = undefined; includeInIndex = 0; };
		01565C87E0CF470EABD6527A /* CDVFileTransfer.m */ = {isa = PBXFileReference; name = "CDVFileTransfer.m"; path = "cordova-plugin-file-transfer/CDVFileTransfer.m"; sourceTree = "<group>"; fileEncoding = 4; lastKnownFileType = sourcecode.c.objc; explicitFileType = undefined; includeInIndex = 0; };
		3B6589596CB74ABCBBA867F4 /* CDVFileTransfer.h */ = {isa = PBXFileReference; name = "CDVFileTransfer.h"; path = "cordova-plugin-file-transfer/CDVFileTransfer.h"; sourceTree = "<group>"; fileEncoding = 4; lastKnownFileType = sourcecode.c.h; explicitFileType = undefined; includeInIndex = 0; };
		6EC00E1E6B524CB6B09D31C3 /* CDVLocation.m */ = {isa = PBXFileReference; name = "CDVLocation.m"; path = "cordova-plugin-geolocation/CDVLocation.m"; sourceTree = "<group>"; fileEncoding = 4; lastKnownFileType = sourcecode.c.objc; explicitFileType = undefined; includeInIndex = 0; };
		E0C09E5B34054B9BAEB8EC04 /* CDVLocation.h */ = {isa = PBXFileReference; name = "CDVLocation.h"; path = "cordova-plugin-geolocation/CDVLocation.h"; sourceTree = "<group>"; fileEncoding = 4; lastKnownFileType = sourcecode.c.h; explicitFileType = undefined; includeInIndex = 0; };
		1AF48E05D1A64294AAF730EA /* CDVGlobalization.m */ = {isa = PBXFileReference; name = "CDVGlobalization.m"; path = "cordova-plugin-globalization/CDVGlobalization.m"; sourceTree = "<group>"; fileEncoding = 4; lastKnownFileType = sourcecode.c.objc; explicitFileType = undefined; includeInIndex = 0; };
		C7BA26C45FC14198AB2369D6 /* CDVGlobalization.h */ = {isa = PBXFileReference; name = "CDVGlobalization.h"; path = "cordova-plugin-globalization/CDVGlobalization.h"; sourceTree = "<group>"; fileEncoding = 4; lastKnownFileType = sourcecode.c.h; explicitFileType = undefined; includeInIndex = 0; };
		2004ECCF7C0E434C8A58916F /* CDVInAppBrowser.m */ = {isa = PBXFileReference; name = "CDVInAppBrowser.m"; path = "cordova-plugin-inappbrowser/CDVInAppBrowser.m"; sourceTree = "<group>"; fileEncoding = 4; lastKnownFileType = sourcecode.c.objc; explicitFileType = undefined; includeInIndex = 0; };
		681CE523EF7A4466ABFE8F01 /* CDVInAppBrowser.h */ = {isa = PBXFileReference; name = "CDVInAppBrowser.h"; path = "cordova-plugin-inappbrowser/CDVInAppBrowser.h"; sourceTree = "<group>"; fileEncoding = 4; lastKnownFileType = sourcecode.c.h; explicitFileType = undefined; includeInIndex = 0; };
		E0616CD8CE454B7DB78F0073 /* CDVSound.m */ = {isa = PBXFileReference; name = "CDVSound.m"; path = "cordova-plugin-media/CDVSound.m"; sourceTree = "<group>"; fileEncoding = 4; lastKnownFileType = sourcecode.c.objc; explicitFileType = undefined; includeInIndex = 0; };
		417315C8388D418CB3E47AE4 /* CDVSound.h */ = {isa = PBXFileReference; name = "CDVSound.h"; path = "cordova-plugin-media/CDVSound.h"; sourceTree = "<group>"; fileEncoding = 4; lastKnownFileType = sourcecode.c.h; explicitFileType = undefined; includeInIndex = 0; };
		C2405AECEEAA4183BA018232 /* CDVConnection.m */ = {isa = PBXFileReference; name = "CDVConnection.m"; path = "cordova-plugin-network-information/CDVConnection.m"; sourceTree = "<group>"; fileEncoding = 4; lastKnownFileType = sourcecode.c.objc; explicitFileType = undefined; includeInIndex = 0; };
		9FF18083E12E4A0D85422630 /* CDVReachability.m */ = {isa = PBXFileReference; name = "CDVReachability.m"; path = "cordova-plugin-network-information/CDVReachability.m"; sourceTree = "<group>"; fileEncoding = 4; lastKnownFileType = sourcecode.c.objc; explicitFileType = undefined; includeInIndex = 0; };
		EB7E959C22E94E668039F978 /* CDVConnection.h */ = {isa = PBXFileReference; name = "CDVConnection.h"; path = "cordova-plugin-network-information/CDVConnection.h"; sourceTree = "<group>"; fileEncoding = 4; lastKnownFileType = sourcecode.c.h; explicitFileType = undefined; includeInIndex = 0; };
		D12E56B0BB804A95A5560C3C /* CDVReachability.h */ = {isa = PBXFileReference; name = "CDVReachability.h"; path = "cordova-plugin-network-information/CDVReachability.h"; sourceTree = "<group>"; fileEncoding = 4; lastKnownFileType = sourcecode.c.h; explicitFileType = undefined; includeInIndex = 0; };
		36A43954701848C9BD3201AD /* SystemConfiguration.framework */ = {isa = PBXFileReference; name = "SystemConfiguration.framework"; path = "System/Library/Frameworks/SystemConfiguration.framework"; sourceTree = SDKROOT; fileEncoding = undefined; lastKnownFileType = wrapper.framework; explicitFileType = undefined; includeInIndex = 0; };
		C774C9BFFE4142FA9CE6A1C8 /* CoreTelephony.framework */ = {isa = PBXFileReference; name = "CoreTelephony.framework"; path = "System/Library/Frameworks/CoreTelephony.framework"; sourceTree = SDKROOT; fileEncoding = undefined; lastKnownFileType = wrapper.framework; explicitFileType = undefined; includeInIndex = 0; };
		F842184746B148228EF2F4F7 /* CDVSplashScreen.m */ = {isa = PBXFileReference; name = "CDVSplashScreen.m"; path = "cordova-plugin-splashscreen/CDVSplashScreen.m"; sourceTree = "<group>"; fileEncoding = 4; lastKnownFileType = sourcecode.c.objc; explicitFileType = undefined; includeInIndex = 0; };
		BF5C0BF6979243CF929106D4 /* CDVViewController+SplashScreen.m */ = {isa = PBXFileReference; name = "CDVViewController+SplashScreen.m"; path = "cordova-plugin-splashscreen/CDVViewController+SplashScreen.m"; sourceTree = "<group>"; fileEncoding = 4; lastKnownFileType = sourcecode.c.objc; explicitFileType = undefined; includeInIndex = 0; };
		97F5ED5309F64163BDAD2432 /* CDVSplashScreen.h */ = {isa = PBXFileReference; name = "CDVSplashScreen.h"; path = "cordova-plugin-splashscreen/CDVSplashScreen.h"; sourceTree = "<group>"; fileEncoding = 4; lastKnownFileType = sourcecode.c.h; explicitFileType = undefined; includeInIndex = 0; };
		AD89D3C19C444660ABEDF094 /* CDVViewController+SplashScreen.h */ = {isa = PBXFileReference; name = "CDVViewController+SplashScreen.h"; path = "cordova-plugin-splashscreen/CDVViewController+SplashScreen.h"; sourceTree = "<group>"; fileEncoding = 4; lastKnownFileType = sourcecode.c.h; explicitFileType = undefined; includeInIndex = 0; };
		3568DD439AA642A892587415 /* CDVStatusBar.m */ = {isa = PBXFileReference; name = "CDVStatusBar.m"; path = "cordova-plugin-statusbar/CDVStatusBar.m"; sourceTree = "<group>"; fileEncoding = 4; lastKnownFileType = sourcecode.c.objc; explicitFileType = undefined; includeInIndex = 0; };
		ADF58BCCD89644D0BBC37B65 /* CDVStatusBar.h */ = {isa = PBXFileReference; name = "CDVStatusBar.h"; path = "cordova-plugin-statusbar/CDVStatusBar.h"; sourceTree = "<group>"; fileEncoding = 4; lastKnownFileType = sourcecode.c.h; explicitFileType = undefined; includeInIndex = 0; };
		15F5A8BB44554EA9A99D460C /* CDVVibration.m */ = {isa = PBXFileReference; name = "CDVVibration.m"; path = "cordova-plugin-vibration/CDVVibration.m"; sourceTree = "<group>"; fileEncoding = 4; lastKnownFileType = sourcecode.c.objc; explicitFileType = undefined; includeInIndex = 0; };
		D5556DC1A5B144EFAECE3F5C /* CDVVibration.h */ = {isa = PBXFileReference; name = "CDVVibration.h"; path = "cordova-plugin-vibration/CDVVibration.h"; sourceTree = "<group>"; fileEncoding = 4; lastKnownFileType = sourcecode.c.h; explicitFileType = undefined; includeInIndex = 0; };
/* End PBXFileReference section */

/* Begin PBXFrameworksBuildPhase section */
		1D60588F0D05DD3D006BFB54 /* Frameworks */ = {
			isa = PBXFrameworksBuildPhase;
			buildActionMask = 2147483647;
			files = (
				301BF552109A68D80062928A /* libCordova.a in Frameworks */,
				51914A0EA29E4C97B137F03E /* ImageIO.framework in Frameworks */,
				36F79F558328433C85B5946D /* CoreLocation.framework in Frameworks */,
				6E2F576638224BAA80E82574 /* AVFoundation.framework in Frameworks */,
				4F8DFAC21C534E8695B7900E /* AddressBook.framework in Frameworks */,
				9AA8006FA9F84013BD4979BC /* AddressBookUI.framework in Frameworks */,
				9DF82F18AA6040008BDFAFEB /* libz.tbd in Frameworks */,
				3DB7F9644C0949948C684122 /* CoreMotion.framework in Frameworks */,
				3122ACADA66042A495B4EA6C /* AudioToolbox.framework in Frameworks */,
				7FD71F0E7FE1422AA1CE3023 /* SystemConfiguration.framework in Frameworks */,
				5456885F434941C7ABDC28A4 /* CoreTelephony.framework in Frameworks */,
			);
			runOnlyForDeploymentPostprocessing = 0;
		};
/* End PBXFrameworksBuildPhase section */

/* Begin PBXGroup section */
		080E96DDFE201D6D7F000001 /* Classes */ = {
			isa = PBXGroup;
			children = (
				302D95EE14D2391D003F00A1 /* MainViewController.h */,
				302D95EF14D2391D003F00A1 /* MainViewController.m */,
				302D95F014D2391D003F00A1 /* MainViewController.xib */,
				1D3623240D0F684500981E51 /* AppDelegate.h */,
				1D3623250D0F684500981E51 /* AppDelegate.m */,
			);
			name = Classes;
			path = "helloworld/Classes";
			sourceTree = SOURCE_ROOT;
		};
		19C28FACFE9D520D11CA2CBB /* Products */ = {
			isa = PBXGroup;
			children = (
				1D6058910D05DD3D006BFB54 /* helloworld.app */,
			);
			name = Products;
			sourceTree = "<group>";
		};
		29B97314FDCFA39411CA2CEA /* CustomTemplate */ = {
			isa = PBXGroup;
			children = (
				EB87FDF41871DAF40020F90C /* config.xml */,
				EB87FDF31871DA8E0020F90C /* www */,
				EB87FDF11871DA420020F90C /* Staging */,
				301BF52D109A57CC0062928A /* CordovaLib.xcodeproj */,
				080E96DDFE201D6D7F000001 /* Classes */,
				307C750510C5A3420062BCA9 /* Plugins */,
				29B97315FDCFA39411CA2CEA /* Other Sources */,
				29B97317FDCFA39411CA2CEA /* Resources */,
				29B97323FDCFA39411CA2CEA /* Frameworks */,
				19C28FACFE9D520D11CA2CBB /* Products */,
			);
			name = CustomTemplate;
			sourceTree = "<group>";
		};
		29B97315FDCFA39411CA2CEA /* Other Sources */ = {
			isa = PBXGroup;
			children = (
				32CA4F630368D1EE00C91783 /* helloworld-Prefix.pch */,
				29B97316FDCFA39411CA2CEA /* main.m */,
				ED33DF2A687741AEAF9F8254 /* Bridging-Header.h */,
			);
			name = "Other Sources";
			path = "helloworld";
			sourceTree = "<group>";
		};
		29B97317FDCFA39411CA2CEA /* Resources */ = {
			isa = PBXGroup;
			children = (
				0207DA571B56EA530066E2B4 /* Images.xcassets */,
				3047A50E1AB8057F00498E2A /* config */,
				8D1107310486CEB800E47090 /* helloworld-Info.plist */,
				6AFF5BF81D6E424B00AB3073 /* CDVLaunchScreen.storyboard */,
				C4D779AAFE194643A99EAFD7 /* CDVCapture.bundle */,
				B62B33315029454F82D83872 /* CDVNotification.bundle */,
			);
			name = Resources;
			path = "helloworld/Resources";
			sourceTree = "<group>";
		};
		29B97323FDCFA39411CA2CEA /* Frameworks */ = {
			isa = PBXGroup;
			children = (
				72DC3A1DCACB4D2DB90B1F8F /* ImageIO.framework */,
				8211413110AF44EBBFF60632 /* CoreLocation.framework */,
				97D76BBCD7B44777A7269C26 /* AVFoundation.framework */,
				0FEA1AF79CBF46C49ABF226C /* AddressBook.framework */,
				BC070CBC3C274B4085B389E4 /* AddressBookUI.framework */,
				390914358E3C46809BC96BD8 /* libz.tbd */,
				F047213CBAB944EC90FCFB6D /* CoreMotion.framework */,
				2E6A74CACBCC4BA29034F318 /* AudioToolbox.framework */,
				36A43954701848C9BD3201AD /* SystemConfiguration.framework */,
				C774C9BFFE4142FA9CE6A1C8 /* CoreTelephony.framework */,
			);
			name = Frameworks;
			sourceTree = "<group>";
		};
		301BF52E109A57CC0062928A /* Products */ = {
			isa = PBXGroup;
			children = (
				301BF535109A57CC0062928A /* libCordova.a */,
			);
			name = Products;
			sourceTree = "<group>";
		};
		3047A50E1AB8057F00498E2A /* config */ = {
			isa = PBXGroup;
			children = (
				3047A50F1AB8059700498E2A /* build-debug.xcconfig */,
				3047A5101AB8059700498E2A /* build-release.xcconfig */,
				3047A5111AB8059700498E2A /* build.xcconfig */,
			);
			name = config;
			sourceTree = "<group>";
		};
		307C750510C5A3420062BCA9 /* Plugins */ = {
			isa = PBXGroup;
			children = (
				339F6D89705744C8BD23C7E1 /* CDVBattery.m */,
				7A67D2A2F3D64859A69B2D9A /* CDVBattery.h */,
				C8899AAD5FCE46E68AF46B50 /* UIImage+CropScaleOrientation.m */,
				51C596B5B4364230A5AF8E9E /* CDVCamera.m */,
				54F1FF7A7CC4499EB846EC6F /* CDVJpegHeaderWriter.m */,
				438F9789040F4DBFBC83D4DC /* UIImage+CropScaleOrientation.h */,
				B447055D9FE64E3B855C11CC /* CDVCamera.h */,
				8D5D43A8DF744BA69EF3DFBA /* CDVJpegHeaderWriter.h */,
				F3ECB71AECEF4601B9A165BE /* CDVExif.h */,
				B89548B34309484E9B5D3D03 /* CDVFile.m */,
				986DFC5C8A7D4916811EBF60 /* CDVLocalFilesystem.m */,
				3CDE1928B0A14594AE7348A9 /* CDVAssetLibraryFilesystem.m */,
				B0A0BCB5DE064678B23C5C02 /* CDVFile.h */,
				73AE5827D12E48B2A52D4F17 /* CDVLocalFilesystem.h */,
				56F89D8ED76246118B9BCE47 /* CDVAssetLibraryFilesystem.h */,
				3A80A5D86E6047F4A292537A /* CDVCapture.m */,
				86E371855A0D4E81830126CE /* CDVCapture.h */,
				BFAD4CD58CC5407484FA95B4 /* CDVLogger.m */,
				A705C40B8ECA4A97881D0644 /* CDVLogger.h */,
				5C5951576F0849A4B0B372F6 /* CDVContacts.m */,
				F4BDA9848D194BEEB3A0B01A /* CDVContact.m */,
				E099BC9B66D445AFA9AFDABC /* CDVContacts.h */,
				2259BA0958A74F78A80B6272 /* CDVContact.h */,
				66BEDD3467EB487982EFE8C6 /* CDVDevice.m */,
				277D1439F5DF48D6BF857A43 /* CDVDevice.h */,
				430152C59D49472DA32C4AFD /* CDVAccelerometer.m */,
				8FFEE90C11E24135A45AD047 /* CDVAccelerometer.h */,
				ACCC629A18B34E29A0D66953 /* CDVCompass.m */,
				48EC323F15C64A1781C44679 /* CDVCompass.h */,
				3648C0828B5A41D288EE4224 /* CDVNotification.m */,
				31A9C409A3194D38B7232BF8 /* CDVNotification.h */,
				01565C87E0CF470EABD6527A /* CDVFileTransfer.m */,
				3B6589596CB74ABCBBA867F4 /* CDVFileTransfer.h */,
				6EC00E1E6B524CB6B09D31C3 /* CDVLocation.m */,
				E0C09E5B34054B9BAEB8EC04 /* CDVLocation.h */,
				1AF48E05D1A64294AAF730EA /* CDVGlobalization.m */,
				C7BA26C45FC14198AB2369D6 /* CDVGlobalization.h */,
				2004ECCF7C0E434C8A58916F /* CDVInAppBrowser.m */,
				681CE523EF7A4466ABFE8F01 /* CDVInAppBrowser.h */,
				E0616CD8CE454B7DB78F0073 /* CDVSound.m */,
				417315C8388D418CB3E47AE4 /* CDVSound.h */,
				C2405AECEEAA4183BA018232 /* CDVConnection.m */,
				9FF18083E12E4A0D85422630 /* CDVReachability.m */,
				EB7E959C22E94E668039F978 /* CDVConnection.h */,
				D12E56B0BB804A95A5560C3C /* CDVReachability.h */,
				F842184746B148228EF2F4F7 /* CDVSplashScreen.m */,
				BF5C0BF6979243CF929106D4 /* CDVViewController+SplashScreen.m */,
				97F5ED5309F64163BDAD2432 /* CDVSplashScreen.h */,
				AD89D3C19C444660ABEDF094 /* CDVViewController+SplashScreen.h */,
				3568DD439AA642A892587415 /* CDVStatusBar.m */,
				ADF58BCCD89644D0BBC37B65 /* CDVStatusBar.h */,
				15F5A8BB44554EA9A99D460C /* CDVVibration.m */,
				D5556DC1A5B144EFAECE3F5C /* CDVVibration.h */,
			);
			name = Plugins;
			path = "helloworld/Plugins";
			sourceTree = SOURCE_ROOT;
		};
		EB87FDF11871DA420020F90C /* Staging */ = {
			isa = PBXGroup;
			children = (
				F840E1F0165FE0F500CFE078 /* config.xml */,
				301BF56E109A69640062928A /* www */,
			);
			name = Staging;
			sourceTree = "<group>";
		};
/* End PBXGroup section */

/* Begin PBXNativeTarget section */
		1D6058900D05DD3D006BFB54 /* helloworld */ = {
			isa = PBXNativeTarget;
			buildConfigurationList = 1D6058960D05DD3E006BFB54 /* Build configuration list for PBXNativeTarget "helloworld" */;
			buildPhases = (
				304B58A110DAC018002A0835 /* Copy www directory */,
				1D60588D0D05DD3D006BFB54 /* Resources */,
				1D60588E0D05DD3D006BFB54 /* Sources */,
				1D60588F0D05DD3D006BFB54 /* Frameworks */,
			);
			buildRules = (
			);
			dependencies = (
				301BF551109A68C00062928A /* PBXTargetDependency */,
			);
			name = "helloworld";
			productName = "helloworld";
			productReference = 1D6058910D05DD3D006BFB54 /* helloworld.app */;
			productType = "com.apple.product-type.application";
		};
/* End PBXNativeTarget section */

/* Begin PBXProject section */
		29B97313FDCFA39411CA2CEA /* Project object */ = {
			isa = PBXProject;
			attributes = {
				LastUpgradeCheck = 510;
			};
			buildConfigurationList = C01FCF4E08A954540054247B /* Build configuration list for PBXProject "__NON-CLI__" */;
			compatibilityVersion = "Xcode 3.2";
			developmentRegion = English;
			hasScannedForEncodings = 1;
			mainGroup = 29B97314FDCFA39411CA2CEA /* CustomTemplate */;
			projectDirPath = "";
			projectReferences = (
				{
					ProductGroup = 301BF52E109A57CC0062928A /* Products */;
					ProjectRef = 301BF52D109A57CC0062928A /* CordovaLib.xcodeproj */;
				},
			);
			projectRoot = "";
			targets = (
				1D6058900D05DD3D006BFB54 /* helloworld */,
			);
		};
/* End PBXProject section */

/* Begin PBXReferenceProxy section */
		301BF535109A57CC0062928A /* libCordova.a */ = {
			isa = PBXReferenceProxy;
			fileType = archive.ar;
			path = libCordova.a;
			remoteRef = 301BF534109A57CC0062928A /* PBXContainerItemProxy */;
			sourceTree = BUILT_PRODUCTS_DIR;
		};
/* End PBXReferenceProxy section */

/* Begin PBXResourcesBuildPhase section */
		1D60588D0D05DD3D006BFB54 /* Resources */ = {
			isa = PBXResourcesBuildPhase;
			buildActionMask = 2147483647;
			files = (
				302D95F214D2391D003F00A1 /* MainViewController.xib in Resources */,
				0207DA581B56EA530066E2B4 /* Images.xcassets in Resources */,
				6AFF5BF91D6E424B00AB3073 /* CDVLaunchScreen.storyboard in Resources */,
				AC4EFDB037FB4F05B4D35633 /* CDVCapture.bundle in Resources */,
				66A0E80A8DE74B8287578665 /* CDVNotification.bundle in Resources */,
			);
			runOnlyForDeploymentPostprocessing = 0;
		};
/* End PBXResourcesBuildPhase section */

/* Begin PBXShellScriptBuildPhase section */
		304B58A110DAC018002A0835 /* Copy www directory */ = {
			isa = PBXShellScriptBuildPhase;
			buildActionMask = 2147483647;
			files = (
			);
			inputPaths = (
			);
			name = "Copy www directory";
			outputPaths = (
			);
			runOnlyForDeploymentPostprocessing = 0;
			shellPath = /bin/sh;
			shellScript = "NODEJS_PATH=/usr/local/bin; NVM_NODE_PATH=~/.nvm/versions/node/`nvm version 2>/dev/null`/bin; N_NODE_PATH=`find /usr/local/n/versions/node/* -maxdepth 0 -type d 2>/dev/null | tail -1`/bin; XCODE_NODE_PATH=`xcode-select --print-path`/usr/share/xcs/Node/bin; PATH=$NODEJS_PATH:$NVM_NODE_PATH:$N_NODE_PATH:$XCODE_NODE_PATH:$PATH && node cordova/lib/copy-www-build-step.js";
			showEnvVarsInLog = 0;
		};
/* End PBXShellScriptBuildPhase section */

/* Begin PBXSourcesBuildPhase section */
		1D60588E0D05DD3D006BFB54 /* Sources */ = {
			isa = PBXSourcesBuildPhase;
			buildActionMask = 2147483647;
			files = (
				1D60589B0D05DD56006BFB54 /* main.m in Sources */,
				1D3623260D0F684500981E51 /* AppDelegate.m in Sources */,
				302D95F114D2391D003F00A1 /* MainViewController.m in Sources */,
				E7C01E92B8624C1993A8E135 /* CDVBattery.m in Sources */,
				B1A21EE039E045648D4F16E6 /* UIImage+CropScaleOrientation.m in Sources */,
				15990B08E6C04C75BF64C6C3 /* CDVCamera.m in Sources */,
				1823CF1B4C7D46C8872981E1 /* CDVJpegHeaderWriter.m in Sources */,
				AB0CEB66A60E46129D452BA4 /* CDVFile.m in Sources */,
				661143A6B75B41AC86C979AE /* CDVLocalFilesystem.m in Sources */,
				DDCFA23494E944C9B3F3C311 /* CDVAssetLibraryFilesystem.m in Sources */,
				3565FE179BA14ECC80AF50E1 /* CDVCapture.m in Sources */,
				FAC2601448A849928C10A2FE /* CDVLogger.m in Sources */,
				EB2ABC23814B482D82ACA083 /* CDVContacts.m in Sources */,
				8B492BCE948C458A8689F110 /* CDVContact.m in Sources */,
				A2C0816717F64626BA2D5545 /* CDVDevice.m in Sources */,
				8BA35B1E8D93459C9EB6BE44 /* CDVAccelerometer.m in Sources */,
				7A0C7AA563A34E83B545811F /* CDVCompass.m in Sources */,
				9FDE28764F014A45BE1801F7 /* CDVNotification.m in Sources */,
				E587E0D20B2040B69D1719B4 /* CDVFileTransfer.m in Sources */,
				4D54FC25593F458FB6CF7EF1 /* CDVLocation.m in Sources */,
				8EA407CAB16E45BBAA86AECD /* CDVGlobalization.m in Sources */,
				F71FA8E0EC044A32B6F334F5 /* CDVInAppBrowser.m in Sources */,
				4C40922016684CEB92EAED30 /* CDVSound.m in Sources */,
				54779CCDB8B74E25BED4E487 /* CDVConnection.m in Sources */,
				EB2886A5A5624220AB62F21B /* CDVReachability.m in Sources */,
				A5B8C6815239496196C21520 /* CDVSplashScreen.m in Sources */,
				A462DF6E615E4AE48DADFE89 /* CDVViewController+SplashScreen.m in Sources */,
				47226ADFE4D74D0590FFBF47 /* CDVStatusBar.m in Sources */,
				2173F1B0797043E78238FA6D /* CDVVibration.m in Sources */,
			);
			runOnlyForDeploymentPostprocessing = 0;
		};
/* End PBXSourcesBuildPhase section */

/* Begin PBXTargetDependency section */
		301BF551109A68C00062928A /* PBXTargetDependency */ = {
			isa = PBXTargetDependency;
			name = CordovaLib;
			targetProxy = 301BF550109A68C00062928A /* PBXContainerItemProxy */;
		};
/* End PBXTargetDependency section */

/* Begin XCBuildConfiguration section */
		1D6058940D05DD3E006BFB54 /* Debug */ = {
			isa = XCBuildConfiguration;
			baseConfigurationReference = 3047A50F1AB8059700498E2A /* build-debug.xcconfig */;
			buildSettings = {
				ALWAYS_SEARCH_USER_PATHS = NO;
				ASSETCATALOG_COMPILER_APPICON_NAME = AppIcon;
				ASSETCATALOG_COMPILER_LAUNCHIMAGE_NAME = LaunchImage;
				CLANG_ENABLE_MODULES = YES;
				CLANG_ENABLE_OBJC_ARC = YES;
				COPY_PHASE_STRIP = NO;
				GCC_DYNAMIC_NO_PIC = NO;
				GCC_OPTIMIZATION_LEVEL = 0;
				GCC_PRECOMPILE_PREFIX_HEADER = YES;
				GCC_PREFIX_HEADER = "helloworld/helloworld-Prefix.pch";
				GCC_THUMB_SUPPORT = NO;
				GCC_VERSION = "";
				INFOPLIST_FILE = "helloworld/helloworld-Info.plist";
				IPHONEOS_DEPLOYMENT_TARGET = 8.0;
				LD_RUNPATH_SEARCH_PATHS = "@executable_path/Frameworks";
				TARGETED_DEVICE_FAMILY = "1,2";
				PRODUCT_NAME = "helloworld";
			};
			name = Debug;
		};
		1D6058950D05DD3E006BFB54 /* Release */ = {
			isa = XCBuildConfiguration;
			baseConfigurationReference = 3047A5101AB8059700498E2A /* build-release.xcconfig */;
			buildSettings = {
				ALWAYS_SEARCH_USER_PATHS = NO;
				ASSETCATALOG_COMPILER_APPICON_NAME = AppIcon;
				ASSETCATALOG_COMPILER_LAUNCHIMAGE_NAME = LaunchImage;
				CLANG_ENABLE_MODULES = YES;
				CLANG_ENABLE_OBJC_ARC = YES;
				COPY_PHASE_STRIP = YES;
				GCC_PRECOMPILE_PREFIX_HEADER = YES;
				GCC_PREFIX_HEADER = "helloworld/helloworld-Prefix.pch";
				GCC_THUMB_SUPPORT = NO;
				GCC_VERSION = "";
				INFOPLIST_FILE = "helloworld/helloworld-Info.plist";
				IPHONEOS_DEPLOYMENT_TARGET = 8.0;
				LD_RUNPATH_SEARCH_PATHS = "@executable_path/Frameworks";
				TARGETED_DEVICE_FAMILY = "1,2";
				PRODUCT_NAME = "helloworld";
			};
			name = Release;
		};
		C01FCF4F08A954540054247B /* Debug */ = {
			isa = XCBuildConfiguration;
			baseConfigurationReference = 3047A5111AB8059700498E2A /* build.xcconfig */;
			buildSettings = {
				CLANG_ENABLE_MODULES = YES;
				CLANG_ENABLE_OBJC_ARC = YES;
				CLANG_WARN_BOOL_CONVERSION = YES;
				CLANG_WARN_CONSTANT_CONVERSION = YES;
				CLANG_WARN_EMPTY_BODY = YES;
				CLANG_WARN_ENUM_CONVERSION = YES;
				CLANG_WARN_INT_CONVERSION = YES;
				CLANG_WARN__DUPLICATE_METHOD_MATCH = YES;
				GCC_C_LANGUAGE_STANDARD = c99;
				GCC_THUMB_SUPPORT = NO;
				GCC_VERSION = "";
				GCC_WARN_ABOUT_RETURN_TYPE = YES;
				GCC_WARN_UNDECLARED_SELECTOR = YES;
				GCC_WARN_UNINITIALIZED_AUTOS = YES;
				GCC_WARN_UNUSED_FUNCTION = YES;
				GCC_WARN_UNUSED_VARIABLE = YES;
				ONLY_ACTIVE_ARCH = YES;
				SDKROOT = iphoneos;
				SKIP_INSTALL = NO;
				ASSETCATALOG_COMPILER_LAUNCHIMAGE_NAME = LaunchImage;
			};
			name = Debug;
		};
		C01FCF5008A954540054247B /* Release */ = {
			isa = XCBuildConfiguration;
			baseConfigurationReference = 3047A5111AB8059700498E2A /* build.xcconfig */;
			buildSettings = {
				CLANG_ENABLE_MODULES = YES;
				CLANG_ENABLE_OBJC_ARC = YES;
				CLANG_WARN_BOOL_CONVERSION = YES;
				CLANG_WARN_CONSTANT_CONVERSION = YES;
				CLANG_WARN_EMPTY_BODY = YES;
				CLANG_WARN_ENUM_CONVERSION = YES;
				CLANG_WARN_INT_CONVERSION = YES;
				CLANG_WARN__DUPLICATE_METHOD_MATCH = YES;
				GCC_C_LANGUAGE_STANDARD = c99;
				GCC_THUMB_SUPPORT = NO;
				GCC_VERSION = "";
				GCC_WARN_ABOUT_RETURN_TYPE = YES;
				GCC_WARN_UNDECLARED_SELECTOR = YES;
				GCC_WARN_UNINITIALIZED_AUTOS = YES;
				GCC_WARN_UNUSED_FUNCTION = YES;
				GCC_WARN_UNUSED_VARIABLE = YES;
				SDKROOT = iphoneos;
				SKIP_INSTALL = NO;
				ASSETCATALOG_COMPILER_LAUNCHIMAGE_NAME = LaunchImage;
			};
			name = Release;
		};
/* End XCBuildConfiguration section */

/* Begin XCConfigurationList section */
		1D6058960D05DD3E006BFB54 /* Build configuration list for PBXNativeTarget "helloworld" */ = {
			isa = XCConfigurationList;
			buildConfigurations = (
				1D6058940D05DD3E006BFB54 /* Debug */,
				1D6058950D05DD3E006BFB54 /* Release */,
			);
			defaultConfigurationIsVisible = 0;
			defaultConfigurationName = Release;
		};
		C01FCF4E08A954540054247B /* Build configuration list for PBXProject "__NON-CLI__" */ = {
			isa = XCConfigurationList;
			buildConfigurations = (
				C01FCF4F08A954540054247B /* Debug */,
				C01FCF5008A954540054247B /* Release */,
			);
			defaultConfigurationIsVisible = 0;
			defaultConfigurationName = Release;
		};
/* End XCConfigurationList section */
	};
	rootObject = 29B97313FDCFA39411CA2CEA /* Project object */;
}
